// !$*UTF8*$!
{
	archiveVersion = 1;
	classes = {
	};
	objectVersion = 56;
	objects = {

/* Begin PBXBuildFile section */
		9202E3B929B0DAC6000C6E3F /* AppDelegate.swift in Sources */ = {isa = PBXBuildFile; fileRef = 9202E3B829B0DAC6000C6E3F /* AppDelegate.swift */; };
		9202E3BB29B0DAC6000C6E3F /* SceneDelegate.swift in Sources */ = {isa = PBXBuildFile; fileRef = 9202E3BA29B0DAC6000C6E3F /* SceneDelegate.swift */; };
		9202E3BD29B0DAC6000C6E3F /* OnboardingVC.swift in Sources */ = {isa = PBXBuildFile; fileRef = 9202E3BC29B0DAC6000C6E3F /* OnboardingVC.swift */; };
		9202E3C229B0DAC8000C6E3F /* Assets.xcassets in Resources */ = {isa = PBXBuildFile; fileRef = 9202E3C129B0DAC8000C6E3F /* Assets.xcassets */; };
		9202E3C529B0DAC8000C6E3F /* LaunchScreen.storyboard in Resources */ = {isa = PBXBuildFile; fileRef = 9202E3C329B0DAC8000C6E3F /* LaunchScreen.storyboard */; };
		923E2A9129B25A7400F3BDCF /* SF-Pro-Display-HeavyItalic.otf in Resources */ = {isa = PBXBuildFile; fileRef = 923E2A7F29B25A7200F3BDCF /* SF-Pro-Display-HeavyItalic.otf */; };
		923E2A9229B25A7400F3BDCF /* SF-Pro-Display-Light.otf in Resources */ = {isa = PBXBuildFile; fileRef = 923E2A8029B25A7200F3BDCF /* SF-Pro-Display-Light.otf */; };
		923E2A9329B25A7400F3BDCF /* SF-Pro-Display-RegularItalic.otf in Resources */ = {isa = PBXBuildFile; fileRef = 923E2A8129B25A7200F3BDCF /* SF-Pro-Display-RegularItalic.otf */; };
		923E2A9429B25A7400F3BDCF /* SF-Pro-Display-Thin.otf in Resources */ = {isa = PBXBuildFile; fileRef = 923E2A8229B25A7200F3BDCF /* SF-Pro-Display-Thin.otf */; };
		923E2A9529B25A7400F3BDCF /* SF-Pro-Display-UltralightItalic.otf in Resources */ = {isa = PBXBuildFile; fileRef = 923E2A8329B25A7200F3BDCF /* SF-Pro-Display-UltralightItalic.otf */; };
		923E2A9629B25A7400F3BDCF /* SF-Pro-Display-Heavy.otf in Resources */ = {isa = PBXBuildFile; fileRef = 923E2A8429B25A7200F3BDCF /* SF-Pro-Display-Heavy.otf */; };
		923E2A9729B25A7400F3BDCF /* SF-Pro-Display-Ultralight.otf in Resources */ = {isa = PBXBuildFile; fileRef = 923E2A8529B25A7200F3BDCF /* SF-Pro-Display-Ultralight.otf */; };
		923E2A9929B25A7400F3BDCF /* SF-Pro-Display-Semibold.otf in Resources */ = {isa = PBXBuildFile; fileRef = 923E2A8729B25A7300F3BDCF /* SF-Pro-Display-Semibold.otf */; };
		923E2A9B29B25A7400F3BDCF /* SF-Pro-Display-Medium.otf in Resources */ = {isa = PBXBuildFile; fileRef = 923E2A8929B25A7300F3BDCF /* SF-Pro-Display-Medium.otf */; };
		923E2A9C29B25A7400F3BDCF /* SF-Pro-Display-Regular.otf in Resources */ = {isa = PBXBuildFile; fileRef = 923E2A8A29B25A7300F3BDCF /* SF-Pro-Display-Regular.otf */; };
		923E2A9D29B25A7400F3BDCF /* SF-Pro-Display-MediumItalic.otf in Resources */ = {isa = PBXBuildFile; fileRef = 923E2A8B29B25A7300F3BDCF /* SF-Pro-Display-MediumItalic.otf */; };
		923E2A9E29B25A7400F3BDCF /* SF-Pro-Display-Bold.otf in Resources */ = {isa = PBXBuildFile; fileRef = 923E2A8C29B25A7300F3BDCF /* SF-Pro-Display-Bold.otf */; };
		923E2A9F29B25A7400F3BDCF /* SF-Pro-Display-LightItalic.otf in Resources */ = {isa = PBXBuildFile; fileRef = 923E2A8D29B25A7300F3BDCF /* SF-Pro-Display-LightItalic.otf */; };
		923E2AA029B25A7400F3BDCF /* SF-Pro-Display-BoldItalic.otf in Resources */ = {isa = PBXBuildFile; fileRef = 923E2A8E29B25A7400F3BDCF /* SF-Pro-Display-BoldItalic.otf */; };
		923E2AA129B25A7400F3BDCF /* SF-Pro-Display-SemiboldItalic.otf in Resources */ = {isa = PBXBuildFile; fileRef = 923E2A8F29B25A7400F3BDCF /* SF-Pro-Display-SemiboldItalic.otf */; };
		923E2AA329B25A9C00F3BDCF /* SF-Pro-Display-Black.otf in Resources */ = {isa = PBXBuildFile; fileRef = 923E2AA229B25A9C00F3BDCF /* SF-Pro-Display-Black.otf */; };
		923E2AA529B25CB400F3BDCF /* SF-Pro-Text-Black.otf in Resources */ = {isa = PBXBuildFile; fileRef = 923E2AA429B25CB400F3BDCF /* SF-Pro-Text-Black.otf */; };
		923E2AB729B25EB700F3BDCF /* SF-Pro-Text-Heavy.otf in Resources */ = {isa = PBXBuildFile; fileRef = 923E2AA829B25EB500F3BDCF /* SF-Pro-Text-Heavy.otf */; };
		923E2ABA29B25EB700F3BDCF /* SF-Pro-Text-Bold.otf in Resources */ = {isa = PBXBuildFile; fileRef = 923E2AAB29B25EB500F3BDCF /* SF-Pro-Text-Bold.otf */; };
		923E2ABB29B25EB700F3BDCF /* SF-Pro-Text-Regular.otf in Resources */ = {isa = PBXBuildFile; fileRef = 923E2AAC29B25EB500F3BDCF /* SF-Pro-Text-Regular.otf */; };
		923E2ABE29B25EB700F3BDCF /* SF-Pro-Text-Semibold.otf in Resources */ = {isa = PBXBuildFile; fileRef = 923E2AAF29B25EB600F3BDCF /* SF-Pro-Text-Semibold.otf */; };
		923E2ABF29B25EB700F3BDCF /* SF-Pro-Text-Thin.otf in Resources */ = {isa = PBXBuildFile; fileRef = 923E2AB029B25EB600F3BDCF /* SF-Pro-Text-Thin.otf */; };
		923E2AC229B25EB700F3BDCF /* SF-Pro-Text-Medium.otf in Resources */ = {isa = PBXBuildFile; fileRef = 923E2AB329B25EB600F3BDCF /* SF-Pro-Text-Medium.otf */; };
		923E2AC329B25EB700F3BDCF /* SF-Pro-Text-Ultralight.otf in Resources */ = {isa = PBXBuildFile; fileRef = 923E2AB429B25EB600F3BDCF /* SF-Pro-Text-Ultralight.otf */; };
		923E2AC429B25EB700F3BDCF /* SF-Pro-Text-Light.otf in Resources */ = {isa = PBXBuildFile; fileRef = 923E2AB529B25EB700F3BDCF /* SF-Pro-Text-Light.otf */; };
/* End PBXBuildFile section */

/* Begin PBXFileReference section */
		9202E3B529B0DAC6000C6E3F /* RunningNeighbourhood.app */ = {isa = PBXFileReference; explicitFileType = wrapper.application; includeInIndex = 0; path = RunningNeighbourhood.app; sourceTree = BUILT_PRODUCTS_DIR; };
		9202E3B829B0DAC6000C6E3F /* AppDelegate.swift */ = {isa = PBXFileReference; lastKnownFileType = sourcecode.swift; path = AppDelegate.swift; sourceTree = "<group>"; };
		9202E3BA29B0DAC6000C6E3F /* SceneDelegate.swift */ = {isa = PBXFileReference; lastKnownFileType = sourcecode.swift; path = SceneDelegate.swift; sourceTree = "<group>"; };
		9202E3BC29B0DAC6000C6E3F /* OnboardingVC.swift */ = {isa = PBXFileReference; lastKnownFileType = sourcecode.swift; path = OnboardingVC.swift; sourceTree = "<group>"; };
		9202E3C129B0DAC8000C6E3F /* Assets.xcassets */ = {isa = PBXFileReference; lastKnownFileType = folder.assetcatalog; path = Assets.xcassets; sourceTree = "<group>"; };
		9202E3C429B0DAC8000C6E3F /* Base */ = {isa = PBXFileReference; lastKnownFileType = file.storyboard; name = Base; path = Base.lproj/LaunchScreen.storyboard; sourceTree = "<group>"; };
		9202E3C629B0DAC8000C6E3F /* Info.plist */ = {isa = PBXFileReference; lastKnownFileType = text.plist.xml; path = Info.plist; sourceTree = "<group>"; };
		923E2A7F29B25A7200F3BDCF /* SF-Pro-Display-HeavyItalic.otf */ = {isa = PBXFileReference; lastKnownFileType = file; path = "SF-Pro-Display-HeavyItalic.otf"; sourceTree = "<group>"; };
		923E2A8029B25A7200F3BDCF /* SF-Pro-Display-Light.otf */ = {isa = PBXFileReference; lastKnownFileType = file; path = "SF-Pro-Display-Light.otf"; sourceTree = "<group>"; };
		923E2A8129B25A7200F3BDCF /* SF-Pro-Display-RegularItalic.otf */ = {isa = PBXFileReference; lastKnownFileType = file; path = "SF-Pro-Display-RegularItalic.otf"; sourceTree = "<group>"; };
		923E2A8229B25A7200F3BDCF /* SF-Pro-Display-Thin.otf */ = {isa = PBXFileReference; lastKnownFileType = file; path = "SF-Pro-Display-Thin.otf"; sourceTree = "<group>"; };
		923E2A8329B25A7200F3BDCF /* SF-Pro-Display-UltralightItalic.otf */ = {isa = PBXFileReference; lastKnownFileType = file; path = "SF-Pro-Display-UltralightItalic.otf"; sourceTree = "<group>"; };
		923E2A8429B25A7200F3BDCF /* SF-Pro-Display-Heavy.otf */ = {isa = PBXFileReference; lastKnownFileType = file; path = "SF-Pro-Display-Heavy.otf"; sourceTree = "<group>"; };
		923E2A8529B25A7200F3BDCF /* SF-Pro-Display-Ultralight.otf */ = {isa = PBXFileReference; lastKnownFileType = file; path = "SF-Pro-Display-Ultralight.otf"; sourceTree = "<group>"; };
		923E2A8729B25A7300F3BDCF /* SF-Pro-Display-Semibold.otf */ = {isa = PBXFileReference; lastKnownFileType = file; path = "SF-Pro-Display-Semibold.otf"; sourceTree = "<group>"; };
		923E2A8929B25A7300F3BDCF /* SF-Pro-Display-Medium.otf */ = {isa = PBXFileReference; lastKnownFileType = file; path = "SF-Pro-Display-Medium.otf"; sourceTree = "<group>"; };
		923E2A8A29B25A7300F3BDCF /* SF-Pro-Display-Regular.otf */ = {isa = PBXFileReference; lastKnownFileType = file; path = "SF-Pro-Display-Regular.otf"; sourceTree = "<group>"; };
		923E2A8B29B25A7300F3BDCF /* SF-Pro-Display-MediumItalic.otf */ = {isa = PBXFileReference; lastKnownFileType = file; path = "SF-Pro-Display-MediumItalic.otf"; sourceTree = "<group>"; };
		923E2A8C29B25A7300F3BDCF /* SF-Pro-Display-Bold.otf */ = {isa = PBXFileReference; lastKnownFileType = file; path = "SF-Pro-Display-Bold.otf"; sourceTree = "<group>"; };
		923E2A8D29B25A7300F3BDCF /* SF-Pro-Display-LightItalic.otf */ = {isa = PBXFileReference; lastKnownFileType = file; path = "SF-Pro-Display-LightItalic.otf"; sourceTree = "<group>"; };
		923E2A8E29B25A7400F3BDCF /* SF-Pro-Display-BoldItalic.otf */ = {isa = PBXFileReference; lastKnownFileType = file; path = "SF-Pro-Display-BoldItalic.otf"; sourceTree = "<group>"; };
		923E2A8F29B25A7400F3BDCF /* SF-Pro-Display-SemiboldItalic.otf */ = {isa = PBXFileReference; lastKnownFileType = file; path = "SF-Pro-Display-SemiboldItalic.otf"; sourceTree = "<group>"; };
		923E2AA229B25A9C00F3BDCF /* SF-Pro-Display-Black.otf */ = {isa = PBXFileReference; lastKnownFileType = file; path = "SF-Pro-Display-Black.otf"; sourceTree = "<group>"; };
		923E2AA429B25CB400F3BDCF /* SF-Pro-Text-Black.otf */ = {isa = PBXFileReference; lastKnownFileType = file; path = "SF-Pro-Text-Black.otf"; sourceTree = "<group>"; };
		923E2AA829B25EB500F3BDCF /* SF-Pro-Text-Heavy.otf */ = {isa = PBXFileReference; lastKnownFileType = file; path = "SF-Pro-Text-Heavy.otf"; sourceTree = "<group>"; };
		923E2AAB29B25EB500F3BDCF /* SF-Pro-Text-Bold.otf */ = {isa = PBXFileReference; lastKnownFileType = file; path = "SF-Pro-Text-Bold.otf"; sourceTree = "<group>"; };
		923E2AAC29B25EB500F3BDCF /* SF-Pro-Text-Regular.otf */ = {isa = PBXFileReference; lastKnownFileType = file; path = "SF-Pro-Text-Regular.otf"; sourceTree = "<group>"; };
		923E2AAF29B25EB600F3BDCF /* SF-Pro-Text-Semibold.otf */ = {isa = PBXFileReference; lastKnownFileType = file; path = "SF-Pro-Text-Semibold.otf"; sourceTree = "<group>"; };
		923E2AB029B25EB600F3BDCF /* SF-Pro-Text-Thin.otf */ = {isa = PBXFileReference; lastKnownFileType = file; path = "SF-Pro-Text-Thin.otf"; sourceTree = "<group>"; };
		923E2AB329B25EB600F3BDCF /* SF-Pro-Text-Medium.otf */ = {isa = PBXFileReference; lastKnownFileType = file; path = "SF-Pro-Text-Medium.otf"; sourceTree = "<group>"; };
		923E2AB429B25EB600F3BDCF /* SF-Pro-Text-Ultralight.otf */ = {isa = PBXFileReference; lastKnownFileType = file; path = "SF-Pro-Text-Ultralight.otf"; sourceTree = "<group>"; };
		923E2AB529B25EB700F3BDCF /* SF-Pro-Text-Light.otf */ = {isa = PBXFileReference; lastKnownFileType = file; path = "SF-Pro-Text-Light.otf"; sourceTree = "<group>"; };
/* End PBXFileReference section */

/* Begin PBXFrameworksBuildPhase section */
		9202E3B229B0DAC6000C6E3F /* Frameworks */ = {
			isa = PBXFrameworksBuildPhase;
			buildActionMask = 2147483647;
			files = (
			);
			runOnlyForDeploymentPostprocessing = 0;
		};
/* End PBXFrameworksBuildPhase section */

/* Begin PBXGroup section */
		9202E3AC29B0DAC6000C6E3F = {
			isa = PBXGroup;
			children = (
				9202E3B729B0DAC6000C6E3F /* RunningNeighbourhood */,
				9202E3B629B0DAC6000C6E3F /* Products */,
			);
			sourceTree = "<group>";
		};
		9202E3B629B0DAC6000C6E3F /* Products */ = {
			isa = PBXGroup;
			children = (
				9202E3B529B0DAC6000C6E3F /* RunningNeighbourhood.app */,
			);
			name = Products;
			sourceTree = "<group>";
		};
		9202E3B729B0DAC6000C6E3F /* RunningNeighbourhood */ = {
			isa = PBXGroup;
			children = (
				923E2AC729B26FBA00F3BDCF /* View */,
				923E2AC529B25FD900F3BDCF /* ViewControllers */,
				923E2AC629B26F9D00F3BDCF /* Application */,
				923E2A7B29B2591700F3BDCF /* Resources */,
			);
			path = RunningNeighbourhood;
			sourceTree = "<group>";
		};
		923E2A7B29B2591700F3BDCF /* Resources */ = {
			isa = PBXGroup;
			children = (
				9202E3C129B0DAC8000C6E3F /* Assets.xcassets */,
				923E2AA429B25CB400F3BDCF /* SF-Pro-Text-Black.otf */,
				923E2AAB29B25EB500F3BDCF /* SF-Pro-Text-Bold.otf */,
				923E2AA829B25EB500F3BDCF /* SF-Pro-Text-Heavy.otf */,
				923E2AB529B25EB700F3BDCF /* SF-Pro-Text-Light.otf */,
				923E2AB329B25EB600F3BDCF /* SF-Pro-Text-Medium.otf */,
				923E2AAC29B25EB500F3BDCF /* SF-Pro-Text-Regular.otf */,
				923E2AAF29B25EB600F3BDCF /* SF-Pro-Text-Semibold.otf */,
				923E2AB029B25EB600F3BDCF /* SF-Pro-Text-Thin.otf */,
				923E2AB429B25EB600F3BDCF /* SF-Pro-Text-Ultralight.otf */,
				923E2AA229B25A9C00F3BDCF /* SF-Pro-Display-Black.otf */,
				923E2A8C29B25A7300F3BDCF /* SF-Pro-Display-Bold.otf */,
				923E2A8E29B25A7400F3BDCF /* SF-Pro-Display-BoldItalic.otf */,
				923E2A8429B25A7200F3BDCF /* SF-Pro-Display-Heavy.otf */,
				923E2A7F29B25A7200F3BDCF /* SF-Pro-Display-HeavyItalic.otf */,
				923E2A8029B25A7200F3BDCF /* SF-Pro-Display-Light.otf */,
				923E2A8D29B25A7300F3BDCF /* SF-Pro-Display-LightItalic.otf */,
				923E2A8929B25A7300F3BDCF /* SF-Pro-Display-Medium.otf */,
				923E2A8B29B25A7300F3BDCF /* SF-Pro-Display-MediumItalic.otf */,
				923E2A8A29B25A7300F3BDCF /* SF-Pro-Display-Regular.otf */,
				923E2A8129B25A7200F3BDCF /* SF-Pro-Display-RegularItalic.otf */,
				923E2A8729B25A7300F3BDCF /* SF-Pro-Display-Semibold.otf */,
				923E2A8F29B25A7400F3BDCF /* SF-Pro-Display-SemiboldItalic.otf */,
				923E2A8229B25A7200F3BDCF /* SF-Pro-Display-Thin.otf */,
				923E2A8529B25A7200F3BDCF /* SF-Pro-Display-Ultralight.otf */,
				923E2A8329B25A7200F3BDCF /* SF-Pro-Display-UltralightItalic.otf */,
			);
			path = Resources;
			sourceTree = "<group>";
		};
		923E2AC529B25FD900F3BDCF /* ViewControllers */ = {
			isa = PBXGroup;
			children = (
				9202E3BC29B0DAC6000C6E3F /* OnboardingVC.swift */,
			);
			path = ViewControllers;
			sourceTree = "<group>";
		};
		923E2AC629B26F9D00F3BDCF /* Application */ = {
			isa = PBXGroup;
			children = (
				9202E3B829B0DAC6000C6E3F /* AppDelegate.swift */,
				9202E3BA29B0DAC6000C6E3F /* SceneDelegate.swift */,
				9202E3C629B0DAC8000C6E3F /* Info.plist */,
			);
			path = Application;
			sourceTree = "<group>";
		};
		923E2AC729B26FBA00F3BDCF /* View */ = {
			isa = PBXGroup;
			children = (
				9202E3C329B0DAC8000C6E3F /* LaunchScreen.storyboard */,
			);
			path = View;
			sourceTree = "<group>";
		};
/* End PBXGroup section */

/* Begin PBXNativeTarget section */
		9202E3B429B0DAC6000C6E3F /* RunningNeighbourhood */ = {
			isa = PBXNativeTarget;
			buildConfigurationList = 9202E3C929B0DAC8000C6E3F /* Build configuration list for PBXNativeTarget "RunningNeighbourhood" */;
			buildPhases = (
				9202E3B129B0DAC6000C6E3F /* Sources */,
				9202E3B229B0DAC6000C6E3F /* Frameworks */,
				9202E3B329B0DAC6000C6E3F /* Resources */,
			);
			buildRules = (
			);
			dependencies = (
			);
			name = RunningNeighbourhood;
			productName = RunningNeighbourhood;
			productReference = 9202E3B529B0DAC6000C6E3F /* RunningNeighbourhood.app */;
			productType = "com.apple.product-type.application";
		};
/* End PBXNativeTarget section */

/* Begin PBXProject section */
		9202E3AD29B0DAC6000C6E3F /* Project object */ = {
			isa = PBXProject;
			attributes = {
				BuildIndependentTargetsInParallel = 1;
				LastSwiftUpdateCheck = 1400;
				LastUpgradeCheck = 1400;
				TargetAttributes = {
					9202E3B429B0DAC6000C6E3F = {
						CreatedOnToolsVersion = 14.0;
					};
				};
			};
			buildConfigurationList = 9202E3B029B0DAC6000C6E3F /* Build configuration list for PBXProject "RunningNeighbourhood" */;
			compatibilityVersion = "Xcode 14.0";
			developmentRegion = en;
			hasScannedForEncodings = 0;
			knownRegions = (
				en,
				Base,
			);
			mainGroup = 9202E3AC29B0DAC6000C6E3F;
			productRefGroup = 9202E3B629B0DAC6000C6E3F /* Products */;
			projectDirPath = "";
			projectRoot = "";
			targets = (
				9202E3B429B0DAC6000C6E3F /* RunningNeighbourhood */,
			);
		};
/* End PBXProject section */

/* Begin PBXResourcesBuildPhase section */
		9202E3B329B0DAC6000C6E3F /* Resources */ = {
			isa = PBXResourcesBuildPhase;
			buildActionMask = 2147483647;
			files = (
				923E2A9929B25A7400F3BDCF /* SF-Pro-Display-Semibold.otf in Resources */,
				923E2A9429B25A7400F3BDCF /* SF-Pro-Display-Thin.otf in Resources */,
				923E2AB729B25EB700F3BDCF /* SF-Pro-Text-Heavy.otf in Resources */,
				923E2AC229B25EB700F3BDCF /* SF-Pro-Text-Medium.otf in Resources */,
				9202E3C529B0DAC8000C6E3F /* LaunchScreen.storyboard in Resources */,
				923E2AA129B25A7400F3BDCF /* SF-Pro-Display-SemiboldItalic.otf in Resources */,
				923E2A9D29B25A7400F3BDCF /* SF-Pro-Display-MediumItalic.otf in Resources */,
				923E2A9229B25A7400F3BDCF /* SF-Pro-Display-Light.otf in Resources */,
				923E2AA329B25A9C00F3BDCF /* SF-Pro-Display-Black.otf in Resources */,
				923E2A9329B25A7400F3BDCF /* SF-Pro-Display-RegularItalic.otf in Resources */,
				923E2A9B29B25A7400F3BDCF /* SF-Pro-Display-Medium.otf in Resources */,
				923E2A9F29B25A7400F3BDCF /* SF-Pro-Display-LightItalic.otf in Resources */,
				923E2AC429B25EB700F3BDCF /* SF-Pro-Text-Light.otf in Resources */,
				923E2AC329B25EB700F3BDCF /* SF-Pro-Text-Ultralight.otf in Resources */,
				9202E3C229B0DAC8000C6E3F /* Assets.xcassets in Resources */,
				923E2A9129B25A7400F3BDCF /* SF-Pro-Display-HeavyItalic.otf in Resources */,
				923E2A9729B25A7400F3BDCF /* SF-Pro-Display-Ultralight.otf in Resources */,
				923E2ABE29B25EB700F3BDCF /* SF-Pro-Text-Semibold.otf in Resources */,
				923E2A9529B25A7400F3BDCF /* SF-Pro-Display-UltralightItalic.otf in Resources */,
				923E2AA029B25A7400F3BDCF /* SF-Pro-Display-BoldItalic.otf in Resources */,
				923E2A9629B25A7400F3BDCF /* SF-Pro-Display-Heavy.otf in Resources */,
				923E2ABA29B25EB700F3BDCF /* SF-Pro-Text-Bold.otf in Resources */,
				923E2ABB29B25EB700F3BDCF /* SF-Pro-Text-Regular.otf in Resources */,
				923E2ABF29B25EB700F3BDCF /* SF-Pro-Text-Thin.otf in Resources */,
				923E2A9E29B25A7400F3BDCF /* SF-Pro-Display-Bold.otf in Resources */,
				923E2A9C29B25A7400F3BDCF /* SF-Pro-Display-Regular.otf in Resources */,
				923E2AA529B25CB400F3BDCF /* SF-Pro-Text-Black.otf in Resources */,
			);
			runOnlyForDeploymentPostprocessing = 0;
		};
/* End PBXResourcesBuildPhase section */

/* Begin PBXSourcesBuildPhase section */
		9202E3B129B0DAC6000C6E3F /* Sources */ = {
			isa = PBXSourcesBuildPhase;
			buildActionMask = 2147483647;
			files = (
				9202E3BD29B0DAC6000C6E3F /* OnboardingVC.swift in Sources */,
				9202E3B929B0DAC6000C6E3F /* AppDelegate.swift in Sources */,
				9202E3BB29B0DAC6000C6E3F /* SceneDelegate.swift in Sources */,
			);
			runOnlyForDeploymentPostprocessing = 0;
		};
/* End PBXSourcesBuildPhase section */

/* Begin PBXVariantGroup section */
		9202E3C329B0DAC8000C6E3F /* LaunchScreen.storyboard */ = {
			isa = PBXVariantGroup;
			children = (
				9202E3C429B0DAC8000C6E3F /* Base */,
			);
			name = LaunchScreen.storyboard;
			sourceTree = "<group>";
		};
/* End PBXVariantGroup section */

/* Begin XCBuildConfiguration section */
		9202E3C729B0DAC8000C6E3F /* Debug */ = {
			isa = XCBuildConfiguration;
			buildSettings = {
				ALWAYS_SEARCH_USER_PATHS = NO;
				CLANG_ANALYZER_NONNULL = YES;
				CLANG_ANALYZER_NUMBER_OBJECT_CONVERSION = YES_AGGRESSIVE;
				CLANG_CXX_LANGUAGE_STANDARD = "gnu++20";
				CLANG_ENABLE_MODULES = YES;
				CLANG_ENABLE_OBJC_ARC = YES;
				CLANG_ENABLE_OBJC_WEAK = YES;
				CLANG_WARN_BLOCK_CAPTURE_AUTORELEASING = YES;
				CLANG_WARN_BOOL_CONVERSION = YES;
				CLANG_WARN_COMMA = YES;
				CLANG_WARN_CONSTANT_CONVERSION = YES;
				CLANG_WARN_DEPRECATED_OBJC_IMPLEMENTATIONS = YES;
				CLANG_WARN_DIRECT_OBJC_ISA_USAGE = YES_ERROR;
				CLANG_WARN_DOCUMENTATION_COMMENTS = YES;
				CLANG_WARN_EMPTY_BODY = YES;
				CLANG_WARN_ENUM_CONVERSION = YES;
				CLANG_WARN_INFINITE_RECURSION = YES;
				CLANG_WARN_INT_CONVERSION = YES;
				CLANG_WARN_NON_LITERAL_NULL_CONVERSION = YES;
				CLANG_WARN_OBJC_IMPLICIT_RETAIN_SELF = YES;
				CLANG_WARN_OBJC_LITERAL_CONVERSION = YES;
				CLANG_WARN_OBJC_ROOT_CLASS = YES_ERROR;
				CLANG_WARN_QUOTED_INCLUDE_IN_FRAMEWORK_HEADER = YES;
				CLANG_WARN_RANGE_LOOP_ANALYSIS = YES;
				CLANG_WARN_STRICT_PROTOTYPES = YES;
				CLANG_WARN_SUSPICIOUS_MOVE = YES;
				CLANG_WARN_UNGUARDED_AVAILABILITY = YES_AGGRESSIVE;
				CLANG_WARN_UNREACHABLE_CODE = YES;
				CLANG_WARN__DUPLICATE_METHOD_MATCH = YES;
				COPY_PHASE_STRIP = NO;
				DEBUG_INFORMATION_FORMAT = dwarf;
				ENABLE_STRICT_OBJC_MSGSEND = YES;
				ENABLE_TESTABILITY = YES;
				GCC_C_LANGUAGE_STANDARD = gnu11;
				GCC_DYNAMIC_NO_PIC = NO;
				GCC_NO_COMMON_BLOCKS = YES;
				GCC_OPTIMIZATION_LEVEL = 0;
				GCC_PREPROCESSOR_DEFINITIONS = (
					"DEBUG=1",
					"$(inherited)",
				);
				GCC_WARN_64_TO_32_BIT_CONVERSION = YES;
				GCC_WARN_ABOUT_RETURN_TYPE = YES_ERROR;
				GCC_WARN_UNDECLARED_SELECTOR = YES;
				GCC_WARN_UNINITIALIZED_AUTOS = YES_AGGRESSIVE;
				GCC_WARN_UNUSED_FUNCTION = YES;
				GCC_WARN_UNUSED_VARIABLE = YES;
				IPHONEOS_DEPLOYMENT_TARGET = 16.0;
				MTL_ENABLE_DEBUG_INFO = INCLUDE_SOURCE;
				MTL_FAST_MATH = YES;
				ONLY_ACTIVE_ARCH = YES;
				SDKROOT = iphoneos;
				SWIFT_ACTIVE_COMPILATION_CONDITIONS = DEBUG;
				SWIFT_OPTIMIZATION_LEVEL = "-Onone";
			};
			name = Debug;
		};
		9202E3C829B0DAC8000C6E3F /* Release */ = {
			isa = XCBuildConfiguration;
			buildSettings = {
				ALWAYS_SEARCH_USER_PATHS = NO;
				CLANG_ANALYZER_NONNULL = YES;
				CLANG_ANALYZER_NUMBER_OBJECT_CONVERSION = YES_AGGRESSIVE;
				CLANG_CXX_LANGUAGE_STANDARD = "gnu++20";
				CLANG_ENABLE_MODULES = YES;
				CLANG_ENABLE_OBJC_ARC = YES;
				CLANG_ENABLE_OBJC_WEAK = YES;
				CLANG_WARN_BLOCK_CAPTURE_AUTORELEASING = YES;
				CLANG_WARN_BOOL_CONVERSION = YES;
				CLANG_WARN_COMMA = YES;
				CLANG_WARN_CONSTANT_CONVERSION = YES;
				CLANG_WARN_DEPRECATED_OBJC_IMPLEMENTATIONS = YES;
				CLANG_WARN_DIRECT_OBJC_ISA_USAGE = YES_ERROR;
				CLANG_WARN_DOCUMENTATION_COMMENTS = YES;
				CLANG_WARN_EMPTY_BODY = YES;
				CLANG_WARN_ENUM_CONVERSION = YES;
				CLANG_WARN_INFINITE_RECURSION = YES;
				CLANG_WARN_INT_CONVERSION = YES;
				CLANG_WARN_NON_LITERAL_NULL_CONVERSION = YES;
				CLANG_WARN_OBJC_IMPLICIT_RETAIN_SELF = YES;
				CLANG_WARN_OBJC_LITERAL_CONVERSION = YES;
				CLANG_WARN_OBJC_ROOT_CLASS = YES_ERROR;
				CLANG_WARN_QUOTED_INCLUDE_IN_FRAMEWORK_HEADER = YES;
				CLANG_WARN_RANGE_LOOP_ANALYSIS = YES;
				CLANG_WARN_STRICT_PROTOTYPES = YES;
				CLANG_WARN_SUSPICIOUS_MOVE = YES;
				CLANG_WARN_UNGUARDED_AVAILABILITY = YES_AGGRESSIVE;
				CLANG_WARN_UNREACHABLE_CODE = YES;
				CLANG_WARN__DUPLICATE_METHOD_MATCH = YES;
				COPY_PHASE_STRIP = NO;
				DEBUG_INFORMATION_FORMAT = "dwarf-with-dsym";
				ENABLE_NS_ASSERTIONS = NO;
				ENABLE_STRICT_OBJC_MSGSEND = YES;
				GCC_C_LANGUAGE_STANDARD = gnu11;
				GCC_NO_COMMON_BLOCKS = YES;
				GCC_WARN_64_TO_32_BIT_CONVERSION = YES;
				GCC_WARN_ABOUT_RETURN_TYPE = YES_ERROR;
				GCC_WARN_UNDECLARED_SELECTOR = YES;
				GCC_WARN_UNINITIALIZED_AUTOS = YES_AGGRESSIVE;
				GCC_WARN_UNUSED_FUNCTION = YES;
				GCC_WARN_UNUSED_VARIABLE = YES;
				IPHONEOS_DEPLOYMENT_TARGET = 16.0;
				MTL_ENABLE_DEBUG_INFO = NO;
				MTL_FAST_MATH = YES;
				SDKROOT = iphoneos;
				SWIFT_COMPILATION_MODE = wholemodule;
				SWIFT_OPTIMIZATION_LEVEL = "-O";
				VALIDATE_PRODUCT = YES;
			};
			name = Release;
		};
		9202E3CA29B0DAC8000C6E3F /* Debug */ = {
			isa = XCBuildConfiguration;
			buildSettings = {
				ASSETCATALOG_COMPILER_APPICON_NAME = AppIcon;
				ASSETCATALOG_COMPILER_GLOBAL_ACCENT_COLOR_NAME = AccentColor;
				CODE_SIGN_STYLE = Automatic;
				CURRENT_PROJECT_VERSION = 1;
				DEVELOPMENT_TEAM = V63HT7SS5T;
				GENERATE_INFOPLIST_FILE = YES;
				INFOPLIST_FILE = RunningNeighbourhood/Info.plist;
				INFOPLIST_KEY_UIApplicationSupportsIndirectInputEvents = YES;
				INFOPLIST_KEY_UILaunchStoryboardName = LaunchScreen;
				INFOPLIST_KEY_UIMainStoryboardFile = Main;
				INFOPLIST_KEY_UISupportedInterfaceOrientations_iPad = "UIInterfaceOrientationPortrait UIInterfaceOrientationPortraitUpsideDown UIInterfaceOrientationLandscapeLeft UIInterfaceOrientationLandscapeRight";
				INFOPLIST_KEY_UISupportedInterfaceOrientations_iPhone = "UIInterfaceOrientationPortrait UIInterfaceOrientationLandscapeLeft UIInterfaceOrientationLandscapeRight";
				LD_RUNPATH_SEARCH_PATHS = (
					"$(inherited)",
					"@executable_path/Frameworks",
				);
				MARKETING_VERSION = 1.0;
				PRODUCT_BUNDLE_IDENTIFIER = "Asya-Sher.RunningNeighbourhood";
				PRODUCT_NAME = "$(TARGET_NAME)";
				SWIFT_EMIT_LOC_STRINGS = YES;
				SWIFT_VERSION = 5.0;
				TARGETED_DEVICE_FAMILY = "1,2";
			};
			name = Debug;
		};
		9202E3CB29B0DAC8000C6E3F /* Release */ = {
			isa = XCBuildConfiguration;
			buildSettings = {
				ASSETCATALOG_COMPILER_APPICON_NAME = AppIcon;
				ASSETCATALOG_COMPILER_GLOBAL_ACCENT_COLOR_NAME = AccentColor;
				CODE_SIGN_STYLE = Automatic;
				CURRENT_PROJECT_VERSION = 1;
				DEVELOPMENT_TEAM = V63HT7SS5T;
				GENERATE_INFOPLIST_FILE = YES;
				INFOPLIST_FILE = RunningNeighbourhood/Info.plist;
				INFOPLIST_KEY_UIApplicationSupportsIndirectInputEvents = YES;
				INFOPLIST_KEY_UILaunchStoryboardName = LaunchScreen;
				INFOPLIST_KEY_UIMainStoryboardFile = Main;
				INFOPLIST_KEY_UISupportedInterfaceOrientations_iPad = "UIInterfaceOrientationPortrait UIInterfaceOrientationPortraitUpsideDown UIInterfaceOrientationLandscapeLeft UIInterfaceOrientationLandscapeRight";
				INFOPLIST_KEY_UISupportedInterfaceOrientations_iPhone = "UIInterfaceOrientationPortrait UIInterfaceOrientationLandscapeLeft UIInterfaceOrientationLandscapeRight";
				LD_RUNPATH_SEARCH_PATHS = (
					"$(inherited)",
					"@executable_path/Frameworks",
				);
				MARKETING_VERSION = 1.0;
				PRODUCT_BUNDLE_IDENTIFIER = "Asya-Sher.RunningNeighbourhood";
				PRODUCT_NAME = "$(TARGET_NAME)";
				SWIFT_EMIT_LOC_STRINGS = YES;
				SWIFT_VERSION = 5.0;
				TARGETED_DEVICE_FAMILY = "1,2";
			};
			name = Release;
		};
/* End XCBuildConfiguration section */

/* Begin XCConfigurationList section */
		9202E3B029B0DAC6000C6E3F /* Build configuration list for PBXProject "RunningNeighbourhood" */ = {
			isa = XCConfigurationList;
			buildConfigurations = (
				9202E3C729B0DAC8000C6E3F /* Debug */,
				9202E3C829B0DAC8000C6E3F /* Release */,
			);
			defaultConfigurationIsVisible = 0;
			defaultConfigurationName = Release;
		};
		9202E3C929B0DAC8000C6E3F /* Build configuration list for PBXNativeTarget "RunningNeighbourhood" */ = {
			isa = XCConfigurationList;
			buildConfigurations = (
				9202E3CA29B0DAC8000C6E3F /* Debug */,
				9202E3CB29B0DAC8000C6E3F /* Release */,
			);
			defaultConfigurationIsVisible = 0;
			defaultConfigurationName = Release;
		};
/* End XCConfigurationList section */
	};
	rootObject = 9202E3AD29B0DAC6000C6E3F /* Project object */;
}
